{
  "name": "ts-rpc-client",
  "version": "0.4.3",
  "lockfileVersion": 1,
  "requires": true,
  "dependencies": {
    "@types/long": {
      "version": "4.0.1",
      "resolved": "https://registry.npmjs.org/@types/long/-/long-4.0.1.tgz",
      "integrity": "sha512-5tXH6Bx/kNGd3MgffdmP4dy2Z+G4eaXw0SE81Tq3BNadtnMR5/ySMzX4SLEzHJzSmPNn4HIdpQsBvXMUykr58w=="
    },
    "@types/node": {
      "version": "12.12.21",
      "resolved": "https://registry.npmjs.org/@types/node/-/node-12.12.21.tgz",
      "integrity": "sha512-8sRGhbpU+ck1n0PGAUgVrWrWdjSW2aqNeyC15W88GRsMpSwzv6RJGlLhE7s2RhVSOdyDmxbqlWSeThq4/7xqlA==",
      "dev": true
    },
    "typescript": {
      "version": "4.0.5",
      "resolved": "https://registry.npmjs.org/typescript/-/typescript-4.0.5.tgz",
      "integrity": "sha512-ywmr/VrTVCmNTJ6iV2LwIrfG1P+lv6luD8sUJs+2eI9NLGigaN+nUQc13iHqisq7bra9lnmUSYqbJvegraBOPQ==",
      "dev": true
    }
  }
}
